{
  "name": "examples",
  "version": "1.0.0",
  "lockfileVersion": 3,
  "requires": true,
  "packages": {
    "": {
      "name": "examples",
      "version": "1.0.0",
      "license": "ISC",
      "dependencies": {
        "gonex": "^1.1.1"
      }
    },
    "node_modules/gonex": {
      "version": "1.1.1",
      "resolved": "https://registry.npmjs.org/gonex/-/gonex-1.1.1.tgz",
      "integrity": "sha512-4+e1aW/F4Vil5syEh6zsuPuAui1+zr1N04d8i8+7SUjPd5kAYZ76YfAtuEsOoguwRsh4l8ch+GvV0R85tvOrgA==",
      "engines": {
        "node": ">=16.0.0"
      }
    }
  }
}
