{
  "name": "examples",
  "version": "1.0.0",
  "lockfileVersion": 3,
  "requires": true,
  "packages": {
    "": {
      "name": "examples",
      "version": "1.0.0",
      "license": "ISC",
      "dependencies": {
        "gonex": "^1.4.0"
      }
    },
    "node_modules/gonex": {
      "version": "1.4.0",
      "resolved": "https://registry.npmjs.org/gonex/-/gonex-1.4.0.tgz",
      "integrity": "sha512-iHjJncl6yN8ecskhP+ysoJIjtOFMtIcOouOK3tlHJtTQ0qgs7uCXTnngP6l86iZnL6xL9IIsDEDvIMrlgElxAw==",
      "engines": {
        "node": ">=16.0.0"
      }
    }
  }
}
