{
  "name": "examples",
  "version": "1.0.0",
  "lockfileVersion": 3,
  "requires": true,
  "packages": {
    "": {
      "name": "examples",
      "version": "1.0.0",
      "license": "ISC",
      "dependencies": {
        "gonex": "^1.2.0"
      }
    },
    "node_modules/gonex": {
      "version": "1.2.0",
      "resolved": "https://registry.npmjs.org/gonex/-/gonex-1.2.0.tgz",
      "integrity": "sha512-gDUizOo+lM3Jn+Omm1g0CZYi72raJ+7EmfYHqRN6MzcVnaLHKIDk+hK5EtIj5fYW5cKhB2bFFcxFKyHnMVKkvA==",
      "engines": {
        "node": ">=16.0.0"
      }
    }
  }
}
